// !$*UTF8*$!
{
	archiveVersion = 1;
	classes = {
	};
	objectVersion = 56;
	objects = {

/* Begin PBXBuildFile section */
		A8E25C962B2D039700451F48 /* AppDelegate.swift in Sources */ = {isa = PBXBuildFile; fileRef = A8E25C952B2D039700451F48 /* AppDelegate.swift */; };
		A8E25C982B2D039700451F48 /* SceneDelegate.swift in Sources */ = {isa = PBXBuildFile; fileRef = A8E25C972B2D039700451F48 /* SceneDelegate.swift */; };
		A8E25C9F2B2D039800451F48 /* Assets.xcassets in Resources */ = {isa = PBXBuildFile; fileRef = A8E25C9E2B2D039800451F48 /* Assets.xcassets */; };
		A8E25CA22B2D039800451F48 /* LaunchScreen.storyboard in Resources */ = {isa = PBXBuildFile; fileRef = A8E25CA02B2D039800451F48 /* LaunchScreen.storyboard */; };
		A8E25CAB2B2D04B000451F48 /* RideHistoryViewController.swift in Sources */ = {isa = PBXBuildFile; fileRef = A8E25CAA2B2D04B000451F48 /* RideHistoryViewController.swift */; };
		A8E25CAE2B2D05F300451F48 /* View+Extension.swift in Sources */ = {isa = PBXBuildFile; fileRef = A8E25CAD2B2D05F300451F48 /* View+Extension.swift */; };
		A8E25CB02B2D06E800451F48 /* RideHistoryCell.swift in Sources */ = {isa = PBXBuildFile; fileRef = A8E25CAF2B2D06E800451F48 /* RideHistoryCell.swift */; };
		A8E25CB22B2D077500451F48 /* RideHistory.swift in Sources */ = {isa = PBXBuildFile; fileRef = A8E25CB12B2D077500451F48 /* RideHistory.swift */; };
/* End PBXBuildFile section */

/* Begin PBXFileReference section */
		A8E25C922B2D039700451F48 /* RideShare_DanielEze.app */ = {isa = PBXFileReference; explicitFileType = wrapper.application; includeInIndex = 0; path = RideShare_DanielEze.app; sourceTree = BUILT_PRODUCTS_DIR; };
		A8E25C952B2D039700451F48 /* AppDelegate.swift */ = {isa = PBXFileReference; lastKnownFileType = sourcecode.swift; path = AppDelegate.swift; sourceTree = "<group>"; };
		A8E25C972B2D039700451F48 /* SceneDelegate.swift */ = {isa = PBXFileReference; lastKnownFileType = sourcecode.swift; path = SceneDelegate.swift; sourceTree = "<group>"; };
		A8E25C9E2B2D039800451F48 /* Assets.xcassets */ = {isa = PBXFileReference; lastKnownFileType = folder.assetcatalog; path = Assets.xcassets; sourceTree = "<group>"; };
		A8E25CA12B2D039800451F48 /* Base */ = {isa = PBXFileReference; lastKnownFileType = file.storyboard; name = Base; path = Base.lproj/LaunchScreen.storyboard; sourceTree = "<group>"; };
		A8E25CA32B2D039800451F48 /* Info.plist */ = {isa = PBXFileReference; lastKnownFileType = text.plist.xml; path = Info.plist; sourceTree = "<group>"; };
		A8E25CAA2B2D04B000451F48 /* RideHistoryViewController.swift */ = {isa = PBXFileReference; lastKnownFileType = sourcecode.swift; path = RideHistoryViewController.swift; sourceTree = "<group>"; };
		A8E25CAD2B2D05F300451F48 /* View+Extension.swift */ = {isa = PBXFileReference; lastKnownFileType = sourcecode.swift; path = "View+Extension.swift"; sourceTree = "<group>"; };
		A8E25CAF2B2D06E800451F48 /* RideHistoryCell.swift */ = {isa = PBXFileReference; lastKnownFileType = sourcecode.swift; path = RideHistoryCell.swift; sourceTree = "<group>"; };
		A8E25CB12B2D077500451F48 /* RideHistory.swift */ = {isa = PBXFileReference; lastKnownFileType = sourcecode.swift; path = RideHistory.swift; sourceTree = "<group>"; };
/* End PBXFileReference section */

/* Begin PBXFrameworksBuildPhase section */
		A8E25C8F2B2D039700451F48 /* Frameworks */ = {
			isa = PBXFrameworksBuildPhase;
			buildActionMask = 2147483647;
			files = (
			);
			runOnlyForDeploymentPostprocessing = 0;
		};
/* End PBXFrameworksBuildPhase section */

/* Begin PBXGroup section */
		A8E25C892B2D039700451F48 = {
			isa = PBXGroup;
			children = (
				A8E25C942B2D039700451F48 /* RideShare_DanielEze */,
				A8E25C932B2D039700451F48 /* Products */,
			);
			sourceTree = "<group>";
		};
		A8E25C932B2D039700451F48 /* Products */ = {
			isa = PBXGroup;
			children = (
				A8E25C922B2D039700451F48 /* RideShare_DanielEze.app */,
			);
			name = Products;
			sourceTree = "<group>";
		};
		A8E25C942B2D039700451F48 /* RideShare_DanielEze */ = {
			isa = PBXGroup;
			children = (
				A8E25CAC2B2D05BD00451F48 /* Extensions */,
				A8E25CA92B2D048B00451F48 /* Ride History */,
				A8E25C952B2D039700451F48 /* AppDelegate.swift */,
				A8E25C972B2D039700451F48 /* SceneDelegate.swift */,
				A8E25C9E2B2D039800451F48 /* Assets.xcassets */,
				A8E25CA02B2D039800451F48 /* LaunchScreen.storyboard */,
				A8E25CA32B2D039800451F48 /* Info.plist */,
			);
			path = RideShare_DanielEze;
			sourceTree = "<group>";
		};
		A8E25CA92B2D048B00451F48 /* Ride History */ = {
			isa = PBXGroup;
			children = (
				A8E25CB12B2D077500451F48 /* RideHistory.swift */,
				A8E25CAF2B2D06E800451F48 /* RideHistoryCell.swift */,
				A8E25CAA2B2D04B000451F48 /* RideHistoryViewController.swift */,
			);
			path = "Ride History";
			sourceTree = "<group>";
		};
		A8E25CAC2B2D05BD00451F48 /* Extensions */ = {
			isa = PBXGroup;
			children = (
				A8E25CAD2B2D05F300451F48 /* View+Extension.swift */,
			);
			path = Extensions;
			sourceTree = "<group>";
		};
/* End PBXGroup section */

/* Begin PBXNativeTarget section */
		A8E25C912B2D039700451F48 /* RideShare_DanielEze */ = {
			isa = PBXNativeTarget;
			buildConfigurationList = A8E25CA62B2D039800451F48 /* Build configuration list for PBXNativeTarget "RideShare_DanielEze" */;
			buildPhases = (
				A8E25C8E2B2D039700451F48 /* Sources */,
				A8E25C8F2B2D039700451F48 /* Frameworks */,
				A8E25C902B2D039700451F48 /* Resources */,
			);
			buildRules = (
			);
			dependencies = (
			);
			name = RideShare_DanielEze;
			productName = RideShare_DanielEze;
			productReference = A8E25C922B2D039700451F48 /* RideShare_DanielEze.app */;
			productType = "com.apple.product-type.application";
		};
/* End PBXNativeTarget section */

/* Begin PBXProject section */
		A8E25C8A2B2D039700451F48 /* Project object */ = {
			isa = PBXProject;
			attributes = {
				BuildIndependentTargetsInParallel = 1;
				LastSwiftUpdateCheck = 1500;
				LastUpgradeCheck = 1500;
				ORGANIZATIONNAME = "Daniel Eze";
				TargetAttributes = {
					A8E25C912B2D039700451F48 = {
						CreatedOnToolsVersion = 15.0;
					};
				};
			};
			buildConfigurationList = A8E25C8D2B2D039700451F48 /* Build configuration list for PBXProject "RideShare_DanielEze" */;
			compatibilityVersion = "Xcode 14.0";
			developmentRegion = en;
			hasScannedForEncodings = 0;
			knownRegions = (
				en,
				Base,
			);
			mainGroup = A8E25C892B2D039700451F48;
			productRefGroup = A8E25C932B2D039700451F48 /* Products */;
			projectDirPath = "";
			projectRoot = "";
			targets = (
				A8E25C912B2D039700451F48 /* RideShare_DanielEze */,
			);
		};
/* End PBXProject section */

/* Begin PBXResourcesBuildPhase section */
		A8E25C902B2D039700451F48 /* Resources */ = {
			isa = PBXResourcesBuildPhase;
			buildActionMask = 2147483647;
			files = (
				A8E25CA22B2D039800451F48 /* LaunchScreen.storyboard in Resources */,
				A8E25C9F2B2D039800451F48 /* Assets.xcassets in Resources */,
			);
			runOnlyForDeploymentPostprocessing = 0;
		};
/* End PBXResourcesBuildPhase section */

/* Begin PBXSourcesBuildPhase section */
		A8E25C8E2B2D039700451F48 /* Sources */ = {
			isa = PBXSourcesBuildPhase;
			buildActionMask = 2147483647;
			files = (
				A8E25C962B2D039700451F48 /* AppDelegate.swift in Sources */,
				A8E25CAE2B2D05F300451F48 /* View+Extension.swift in Sources */,
				A8E25C982B2D039700451F48 /* SceneDelegate.swift in Sources */,
				A8E25CB02B2D06E800451F48 /* RideHistoryCell.swift in Sources */,
				A8E25CB22B2D077500451F48 /* RideHistory.swift in Sources */,
				A8E25CAB2B2D04B000451F48 /* RideHistoryViewController.swift in Sources */,
			);
			runOnlyForDeploymentPostprocessing = 0;
		};
/* End PBXSourcesBuildPhase section */

/* Begin PBXVariantGroup section */
		A8E25CA02B2D039800451F48 /* LaunchScreen.storyboard */ = {
			isa = PBXVariantGroup;
			children = (
				A8E25CA12B2D039800451F48 /* Base */,
			);
			name = LaunchScreen.storyboard;
			sourceTree = "<group>";
		};
/* End PBXVariantGroup section */

/* Begin XCBuildConfiguration section */
		A8E25CA42B2D039800451F48 /* Debug */ = {
			isa = XCBuildConfiguration;
			buildSettings = {
				ALWAYS_SEARCH_USER_PATHS = NO;
				ASSETCATALOG_COMPILER_GENERATE_SWIFT_ASSET_SYMBOL_EXTENSIONS = YES;
				CLANG_ANALYZER_NONNULL = YES;
				CLANG_ANALYZER_NUMBER_OBJECT_CONVERSION = YES_AGGRESSIVE;
				CLANG_CXX_LANGUAGE_STANDARD = "gnu++20";
				CLANG_ENABLE_MODULES = YES;
				CLANG_ENABLE_OBJC_ARC = YES;
				CLANG_ENABLE_OBJC_WEAK = YES;
				CLANG_WARN_BLOCK_CAPTURE_AUTORELEASING = YES;
				CLANG_WARN_BOOL_CONVERSION = YES;
				CLANG_WARN_COMMA = YES;
				CLANG_WARN_CONSTANT_CONVERSION = YES;
				CLANG_WARN_DEPRECATED_OBJC_IMPLEMENTATIONS = YES;
				CLANG_WARN_DIRECT_OBJC_ISA_USAGE = YES_ERROR;
				CLANG_WARN_DOCUMENTATION_COMMENTS = YES;
				CLANG_WARN_EMPTY_BODY = YES;
				CLANG_WARN_ENUM_CONVERSION = YES;
				CLANG_WARN_INFINITE_RECURSION = YES;
				CLANG_WARN_INT_CONVERSION = YES;
				CLANG_WARN_NON_LITERAL_NULL_CONVERSION = YES;
				CLANG_WARN_OBJC_IMPLICIT_RETAIN_SELF = YES;
				CLANG_WARN_OBJC_LITERAL_CONVERSION = YES;
				CLANG_WARN_OBJC_ROOT_CLASS = YES_ERROR;
				CLANG_WARN_QUOTED_INCLUDE_IN_FRAMEWORK_HEADER = YES;
				CLANG_WARN_RANGE_LOOP_ANALYSIS = YES;
				CLANG_WARN_STRICT_PROTOTYPES = YES;
				CLANG_WARN_SUSPICIOUS_MOVE = YES;
				CLANG_WARN_UNGUARDED_AVAILABILITY = YES_AGGRESSIVE;
				CLANG_WARN_UNREACHABLE_CODE = YES;
				CLANG_WARN__DUPLICATE_METHOD_MATCH = YES;
				COPY_PHASE_STRIP = NO;
				DEBUG_INFORMATION_FORMAT = dwarf;
				ENABLE_STRICT_OBJC_MSGSEND = YES;
				ENABLE_TESTABILITY = YES;
				ENABLE_USER_SCRIPT_SANDBOXING = YES;
				GCC_C_LANGUAGE_STANDARD = gnu17;
				GCC_DYNAMIC_NO_PIC = NO;
				GCC_NO_COMMON_BLOCKS = YES;
				GCC_OPTIMIZATION_LEVEL = 0;
				GCC_PREPROCESSOR_DEFINITIONS = (
					"DEBUG=1",
					"$(inherited)",
				);
				GCC_WARN_64_TO_32_BIT_CONVERSION = YES;
				GCC_WARN_ABOUT_RETURN_TYPE = YES_ERROR;
				GCC_WARN_UNDECLARED_SELECTOR = YES;
				GCC_WARN_UNINITIALIZED_AUTOS = YES_AGGRESSIVE;
				GCC_WARN_UNUSED_FUNCTION = YES;
				GCC_WARN_UNUSED_VARIABLE = YES;
				IPHONEOS_DEPLOYMENT_TARGET = 15.2;
				LOCALIZATION_PREFERS_STRING_CATALOGS = YES;
				MTL_ENABLE_DEBUG_INFO = INCLUDE_SOURCE;
				MTL_FAST_MATH = YES;
				ONLY_ACTIVE_ARCH = YES;
				SDKROOT = iphoneos;
				SWIFT_ACTIVE_COMPILATION_CONDITIONS = "DEBUG $(inherited)";
				SWIFT_OPTIMIZATION_LEVEL = "-Onone";
			};
			name = Debug;
		};
		A8E25CA52B2D039800451F48 /* Release */ = {
			isa = XCBuildConfiguration;
			buildSettings = {
				ALWAYS_SEARCH_USER_PATHS = NO;
				ASSETCATALOG_COMPILER_GENERATE_SWIFT_ASSET_SYMBOL_EXTENSIONS = YES;
				CLANG_ANALYZER_NONNULL = YES;
				CLANG_ANALYZER_NUMBER_OBJECT_CONVERSION = YES_AGGRESSIVE;
				CLANG_CXX_LANGUAGE_STANDARD = "gnu++20";
				CLANG_ENABLE_MODULES = YES;
				CLANG_ENABLE_OBJC_ARC = YES;
				CLANG_ENABLE_OBJC_WEAK = YES;
				CLANG_WARN_BLOCK_CAPTURE_AUTORELEASING = YES;
				CLANG_WARN_BOOL_CONVERSION = YES;
				CLANG_WARN_COMMA = YES;
				CLANG_WARN_CONSTANT_CONVERSION = YES;
				CLANG_WARN_DEPRECATED_OBJC_IMPLEMENTATIONS = YES;
				CLANG_WARN_DIRECT_OBJC_ISA_USAGE = YES_ERROR;
				CLANG_WARN_DOCUMENTATION_COMMENTS = YES;
				CLANG_WARN_EMPTY_BODY = YES;
				CLANG_WARN_ENUM_CONVERSION = YES;
				CLANG_WARN_INFINITE_RECURSION = YES;
				CLANG_WARN_INT_CONVERSION = YES;
				CLANG_WARN_NON_LITERAL_NULL_CONVERSION = YES;
				CLANG_WARN_OBJC_IMPLICIT_RETAIN_SELF = YES;
				CLANG_WARN_OBJC_LITERAL_CONVERSION = YES;
				CLANG_WARN_OBJC_ROOT_CLASS = YES_ERROR;
				CLANG_WARN_QUOTED_INCLUDE_IN_FRAMEWORK_HEADER = YES;
				CLANG_WARN_RANGE_LOOP_ANALYSIS = YES;
				CLANG_WARN_STRICT_PROTOTYPES = YES;
				CLANG_WARN_SUSPICIOUS_MOVE = YES;
				CLANG_WARN_UNGUARDED_AVAILABILITY = YES_AGGRESSIVE;
				CLANG_WARN_UNREACHABLE_CODE = YES;
				CLANG_WARN__DUPLICATE_METHOD_MATCH = YES;
				COPY_PHASE_STRIP = NO;
				DEBUG_INFORMATION_FORMAT = "dwarf-with-dsym";
				ENABLE_NS_ASSERTIONS = NO;
				ENABLE_STRICT_OBJC_MSGSEND = YES;
				ENABLE_USER_SCRIPT_SANDBOXING = YES;
				GCC_C_LANGUAGE_STANDARD = gnu17;
				GCC_NO_COMMON_BLOCKS = YES;
				GCC_WARN_64_TO_32_BIT_CONVERSION = YES;
				GCC_WARN_ABOUT_RETURN_TYPE = YES_ERROR;
				GCC_WARN_UNDECLARED_SELECTOR = YES;
				GCC_WARN_UNINITIALIZED_AUTOS = YES_AGGRESSIVE;
				GCC_WARN_UNUSED_FUNCTION = YES;
				GCC_WARN_UNUSED_VARIABLE = YES;
				IPHONEOS_DEPLOYMENT_TARGET = 15.2;
				LOCALIZATION_PREFERS_STRING_CATALOGS = YES;
				MTL_ENABLE_DEBUG_INFO = NO;
				MTL_FAST_MATH = YES;
				SDKROOT = iphoneos;
				SWIFT_COMPILATION_MODE = wholemodule;
				VALIDATE_PRODUCT = YES;
			};
			name = Release;
		};
		A8E25CA72B2D039800451F48 /* Debug */ = {
			isa = XCBuildConfiguration;
			buildSettings = {
				ASSETCATALOG_COMPILER_APPICON_NAME = AppIcon;
				ASSETCATALOG_COMPILER_GLOBAL_ACCENT_COLOR_NAME = AccentColor;
				CODE_SIGN_STYLE = Automatic;
				CURRENT_PROJECT_VERSION = 1;
				DEVELOPMENT_TEAM = 68JF3R62T9;
				GENERATE_INFOPLIST_FILE = YES;
				INFOPLIST_FILE = RideShare_DanielEze/Info.plist;
				INFOPLIST_KEY_UIApplicationSupportsIndirectInputEvents = YES;
				INFOPLIST_KEY_UILaunchStoryboardName = LaunchScreen;
				INFOPLIST_KEY_UIMainStoryboardFile = "";
				INFOPLIST_KEY_UIStatusBarStyle = "";
				INFOPLIST_KEY_UISupportedInterfaceOrientations_iPad = "UIInterfaceOrientationPortrait UIInterfaceOrientationPortraitUpsideDown UIInterfaceOrientationLandscapeLeft UIInterfaceOrientationLandscapeRight";
				INFOPLIST_KEY_UISupportedInterfaceOrientations_iPhone = "UIInterfaceOrientationPortrait UIInterfaceOrientationLandscapeLeft UIInterfaceOrientationLandscapeRight";
				IPHONEOS_DEPLOYMENT_TARGET = 15.2;
				LD_RUNPATH_SEARCH_PATHS = (
					"$(inherited)",
					"@executable_path/Frameworks",
				);
				MARKETING_VERSION = 1.0;
				PRODUCT_BUNDLE_IDENTIFIER = "dev.danieleze-opensource.com.RideShare-DanielEze";
				PRODUCT_NAME = "$(TARGET_NAME)";
				SWIFT_EMIT_LOC_STRINGS = YES;
				SWIFT_VERSION = 5.0;
				TARGETED_DEVICE_FAMILY = "1,2";
			};
			name = Debug;
		};
		A8E25CA82B2D039800451F48 /* Release */ = {
			isa = XCBuildConfiguration;
			buildSettings = {
				ASSETCATALOG_COMPILER_APPICON_NAME = AppIcon;
				ASSETCATALOG_COMPILER_GLOBAL_ACCENT_COLOR_NAME = AccentColor;
				CODE_SIGN_STYLE = Automatic;
				CURRENT_PROJECT_VERSION = 1;
				DEVELOPMENT_TEAM = 68JF3R62T9;
				GENERATE_INFOPLIST_FILE = YES;
				INFOPLIST_FILE = RideShare_DanielEze/Info.plist;
				INFOPLIST_KEY_UIApplicationSupportsIndirectInputEvents = YES;
				INFOPLIST_KEY_UILaunchStoryboardName = LaunchScreen;
				INFOPLIST_KEY_UIMainStoryboardFile = "";
				INFOPLIST_KEY_UIStatusBarStyle = "";
				INFOPLIST_KEY_UISupportedInterfaceOrientations_iPad = "UIInterfaceOrientationPortrait UIInterfaceOrientationPortraitUpsideDown UIInterfaceOrientationLandscapeLeft UIInterfaceOrientationLandscapeRight";
				INFOPLIST_KEY_UISupportedInterfaceOrientations_iPhone = "UIInterfaceOrientationPortrait UIInterfaceOrientationLandscapeLeft UIInterfaceOrientationLandscapeRight";
				IPHONEOS_DEPLOYMENT_TARGET = 15.2;
				LD_RUNPATH_SEARCH_PATHS = (
					"$(inherited)",
					"@executable_path/Frameworks",
				);
				MARKETING_VERSION = 1.0;
				PRODUCT_BUNDLE_IDENTIFIER = "dev.danieleze-opensource.com.RideShare-DanielEze";
				PRODUCT_NAME = "$(TARGET_NAME)";
				SWIFT_EMIT_LOC_STRINGS = YES;
				SWIFT_VERSION = 5.0;
				TARGETED_DEVICE_FAMILY = "1,2";
			};
			name = Release;
		};
/* End XCBuildConfiguration section */

/* Begin XCConfigurationList section */
		A8E25C8D2B2D039700451F48 /* Build configuration list for PBXProject "RideShare_DanielEze" */ = {
			isa = XCConfigurationList;
			buildConfigurations = (
				A8E25CA42B2D039800451F48 /* Debug */,
				A8E25CA52B2D039800451F48 /* Release */,
			);
			defaultConfigurationIsVisible = 0;
			defaultConfigurationName = Release;
		};
		A8E25CA62B2D039800451F48 /* Build configuration list for PBXNativeTarget "RideShare_DanielEze" */ = {
			isa = XCConfigurationList;
			buildConfigurations = (
				A8E25CA72B2D039800451F48 /* Debug */,
				A8E25CA82B2D039800451F48 /* Release */,
			);
			defaultConfigurationIsVisible = 0;
			defaultConfigurationName = Release;
		};
/* End XCConfigurationList section */
	};
	rootObject = A8E25C8A2B2D039700451F48 /* Project object */;
}
